
Microsoft Visual Studio Solution File, Format Version 12.00
# Visual Studio Version 17
VisualStudioVersion = 17.13.35825.156 d17.13
MinimumVisualStudioVersion = 10.0.40219.1
Project("{FAE04EC0-301F-11D3-BF4B-00C04F79EFBC}") = "ConsoleApp1", "ConsoleApp1\ConsoleApp1.csproj", "{3AB855C6-B52E-499A-BB6F-FF1A9C1DEFDB}"
EndProject
Global
	GlobalSection(SolutionConfigurationPlatforms) = preSolution
		Debug|Any CPU = Debug|Any CPU
		Release|Any CPU = Release|Any CPU
	EndGlobalSection
	GlobalSection(ProjectConfigurationPlatforms) = postSolution
		{3AB855C6-B52E-499A-BB6F-FF1A9C1DEFDB}.Debug|Any CPU.ActiveCfg = Debug|Any CPU
		{3AB855C6-B52E-499A-BB6F-FF1A9C1DEFDB}.Debug|Any CPU.Build.0 = Debug|Any CPU
		{3AB855C6-B52E-499A-BB6F-FF1A9C1DEFDB}.Release|Any CPU.ActiveCfg = Release|Any CPU
		{3AB855C6-B52E-499A-BB6F-FF1A9C1DEFDB}.Release|Any CPU.Build.0 = Release|Any CPU
	EndGlobalSection
	GlobalSection(SolutionProperties) = preSolution
		HideSolutionNode = FALSE
	EndGlobalSection
	GlobalSection(ExtensibilityGlobals) = postSolution
		SolutionGuid = {C638A32D-DE26-48CE-A035-D1EC6E383A32}
	EndGlobalSection
EndGlobal
